
Microsoft Visual Studio Solution File, Format Version 12.00
# Visual Studio Version 16
VisualStudioVersion = 16.0.28922.388
MinimumVisualStudioVersion = 10.0.40219.1
Project("{FAE04EC0-301F-11D3-BF4B-00C04F79EFBC}") = "PalatialGalacticStops", "PalatialGalacticStops.csproj", "{371DCA8E-8F6B-4EAE-B82E-F120000A504B}"
EndProject
Global
	GlobalSection(SolutionConfigurationPlatforms) = preSolution
		Debug|Any CPU = Debug|Any CPU
		Release|Any CPU = Release|Any CPU
	EndGlobalSection
	GlobalSection(ProjectConfigurationPlatforms) = postSolution
		{371DCA8E-8F6B-4EAE-B82E-F120000A504B}.Debug|Any CPU.ActiveCfg = Debug|Any CPU
		{371DCA8E-8F6B-4EAE-B82E-F120000A504B}.Debug|Any CPU.Build.0 = Debug|Any CPU
		{371DCA8E-8F6B-4EAE-B82E-F120000A504B}.Release|Any CPU.ActiveCfg = Release|Any CPU
		{371DCA8E-8F6B-4EAE-B82E-F120000A504B}.Release|Any CPU.Build.0 = Release|Any CPU
	EndGlobalSection
	GlobalSection(SolutionProperties) = preSolution
		HideSolutionNode = FALSE
	EndGlobalSection
	GlobalSection(ExtensibilityGlobals) = postSolution
		SolutionGuid = {08CF1705-FA7E-47FB-94BC-D3BDD73218DA}
	EndGlobalSection
EndGlobal
